
Microsoft Visual Studio Solution File, Format Version 12.00
# Visual Studio Version 16
VisualStudioVersion = 16.0.29613.14
MinimumVisualStudioVersion = 10.0.40219.1
Project("{FAE04EC0-301F-11D3-BF4B-00C04F79EFBC}") = "MuOnline", "MuOnline\MuOnline.csproj", "{EC501A19-6C7F-445C-8C44-09CC92E6DB5C}"
EndProject
Global
	GlobalSection(SolutionConfigurationPlatforms) = preSolution
		Debug|Any CPU = Debug|Any CPU
		Release|Any CPU = Release|Any CPU
	EndGlobalSection
	GlobalSection(ProjectConfigurationPlatforms) = postSolution
		{EC501A19-6C7F-445C-8C44-09CC92E6DB5C}.Debug|Any CPU.ActiveCfg = Debug|Any CPU
		{EC501A19-6C7F-445C-8C44-09CC92E6DB5C}.Debug|Any CPU.Build.0 = Debug|Any CPU
		{EC501A19-6C7F-445C-8C44-09CC92E6DB5C}.Release|Any CPU.ActiveCfg = Release|Any CPU
		{EC501A19-6C7F-445C-8C44-09CC92E6DB5C}.Release|Any CPU.Build.0 = Release|Any CPU
	EndGlobalSection
	GlobalSection(SolutionProperties) = preSolution
		HideSolutionNode = FALSE
	EndGlobalSection
	GlobalSection(ExtensibilityGlobals) = postSolution
		SolutionGuid = {0C20D596-6FF5-4C25-B395-56B5F68705C4}
	EndGlobalSection
EndGlobal
