
Microsoft Visual Studio Solution File, Format Version 12.00
# Visual Studio Version 16
VisualStudioVersion = 16.0.29613.14
MinimumVisualStudioVersion = 10.0.40219.1
Project("{FAE04EC0-301F-11D3-BF4B-00C04F79EFBC}") = "Snake", "Snake\Snake.csproj", "{6851E61C-FF7C-442A-97A1-2254A395A3F5}"
EndProject
Global
	GlobalSection(SolutionConfigurationPlatforms) = preSolution
		Debug|Any CPU = Debug|Any CPU
		Release|Any CPU = Release|Any CPU
	EndGlobalSection
	GlobalSection(ProjectConfigurationPlatforms) = postSolution
		{6851E61C-FF7C-442A-97A1-2254A395A3F5}.Debug|Any CPU.ActiveCfg = Debug|Any CPU
		{6851E61C-FF7C-442A-97A1-2254A395A3F5}.Debug|Any CPU.Build.0 = Debug|Any CPU
		{6851E61C-FF7C-442A-97A1-2254A395A3F5}.Release|Any CPU.ActiveCfg = Release|Any CPU
		{6851E61C-FF7C-442A-97A1-2254A395A3F5}.Release|Any CPU.Build.0 = Release|Any CPU
	EndGlobalSection
	GlobalSection(SolutionProperties) = preSolution
		HideSolutionNode = FALSE
	EndGlobalSection
	GlobalSection(ExtensibilityGlobals) = postSolution
		SolutionGuid = {2636B532-AC34-4286-B028-E969EA314343}
	EndGlobalSection
EndGlobal
